
Microsoft Visual Studio Solution File, Format Version 12.00
# Visual Studio 2015
Project("{FAE04EC0-301F-11D3-BF4B-00C04F79EFBC}") = "WizardBattler.CSharp", "WizardBattler.CSharp.csproj", "{0DD97C88-1FE5-9F48-14E9-9BE3B64C39B8}"
EndProject
Project("{FAE04EC0-301F-11D3-BF4B-00C04F79EFBC}") = "WizardBattler.CSharp.Editor", "WizardBattler.CSharp.Editor.csproj", "{61811D9F-626E-8F17-4EE3-CC5D7C54BED3}"
EndProject
Global
	GlobalSection(SolutionConfigurationPlatforms) = preSolution
		Debug|Any CPU = Debug|Any CPU
		Release|Any CPU = Release|Any CPU
	EndGlobalSection
	GlobalSection(ProjectConfigurationPlatforms) = postSolution
		{0DD97C88-1FE5-9F48-14E9-9BE3B64C39B8}.Debug|Any CPU.ActiveCfg = Debug|Any CPU
		{0DD97C88-1FE5-9F48-14E9-9BE3B64C39B8}.Debug|Any CPU.Build.0 = Debug|Any CPU
		{0DD97C88-1FE5-9F48-14E9-9BE3B64C39B8}.Release|Any CPU.ActiveCfg = Release|Any CPU
		{0DD97C88-1FE5-9F48-14E9-9BE3B64C39B8}.Release|Any CPU.Build.0 = Release|Any CPU
		{61811D9F-626E-8F17-4EE3-CC5D7C54BED3}.Debug|Any CPU.ActiveCfg = Debug|Any CPU
		{61811D9F-626E-8F17-4EE3-CC5D7C54BED3}.Debug|Any CPU.Build.0 = Debug|Any CPU
		{61811D9F-626E-8F17-4EE3-CC5D7C54BED3}.Release|Any CPU.ActiveCfg = Release|Any CPU
		{61811D9F-626E-8F17-4EE3-CC5D7C54BED3}.Release|Any CPU.Build.0 = Release|Any CPU
	EndGlobalSection
	GlobalSection(SolutionProperties) = preSolution
		HideSolutionNode = FALSE
	EndGlobalSection
EndGlobal
